
Microsoft Visual Studio Solution File, Format Version 12.00
# Visual Studio Version 17
VisualStudioVersion = 17.6.33829.357
MinimumVisualStudioVersion = 10.0.40219.1
Project("{FAE04EC0-301F-11D3-BF4B-00C04F79EFBC}") = "Clash SL Proxy", "Clash SL Proxy\Clash SL Proxy.csproj", "{012F96AC-A584-408D-A0C8-E246B8FC55CF}"
EndProject
Global
	GlobalSection(SolutionConfigurationPlatforms) = preSolution
		Debug|Any CPU = Debug|Any CPU
		Release|Any CPU = Release|Any CPU
	EndGlobalSection
	GlobalSection(ProjectConfigurationPlatforms) = postSolution
		{012F96AC-A584-408D-A0C8-E246B8FC55CF}.Debug|Any CPU.ActiveCfg = Debug|Any CPU
		{012F96AC-A584-408D-A0C8-E246B8FC55CF}.Debug|Any CPU.Build.0 = Debug|Any CPU
		{012F96AC-A584-408D-A0C8-E246B8FC55CF}.Release|Any CPU.ActiveCfg = Release|Any CPU
		{012F96AC-A584-408D-A0C8-E246B8FC55CF}.Release|Any CPU.Build.0 = Release|Any CPU
	EndGlobalSection
	GlobalSection(SolutionProperties) = preSolution
		HideSolutionNode = FALSE
	EndGlobalSection
	GlobalSection(ExtensibilityGlobals) = postSolution
		SolutionGuid = {8D810CFF-A038-4472-B59D-27156059989B}
	EndGlobalSection
EndGlobal
