
Microsoft Visual Studio Solution File, Format Version 12.00
# Visual Studio Version 17
VisualStudioVersion = 17.6.33829.357
MinimumVisualStudioVersion = 10.0.40219.1
Project("{FAE04EC0-301F-11D3-BF4B-00C04F79EFBC}") = "Clash SL File Decryptor", "Clash SL File Decryptor\Clash SL File Decryptor.csproj", "{752889A0-95FB-4D46-A3F9-ACB021CF8368}"
EndProject
Global
	GlobalSection(SolutionConfigurationPlatforms) = preSolution
		Debug|Any CPU = Debug|Any CPU
		Release|Any CPU = Release|Any CPU
	EndGlobalSection
	GlobalSection(ProjectConfigurationPlatforms) = postSolution
		{752889A0-95FB-4D46-A3F9-ACB021CF8368}.Debug|Any CPU.ActiveCfg = Debug|Any CPU
		{752889A0-95FB-4D46-A3F9-ACB021CF8368}.Debug|Any CPU.Build.0 = Debug|Any CPU
		{752889A0-95FB-4D46-A3F9-ACB021CF8368}.Release|Any CPU.ActiveCfg = Release|Any CPU
		{752889A0-95FB-4D46-A3F9-ACB021CF8368}.Release|Any CPU.Build.0 = Release|Any CPU
	EndGlobalSection
	GlobalSection(SolutionProperties) = preSolution
		HideSolutionNode = FALSE
	EndGlobalSection
	GlobalSection(ExtensibilityGlobals) = postSolution
		SolutionGuid = {CDE25A9E-154B-4151-B69A-8B7843DAA9CA}
	EndGlobalSection
EndGlobal
